
Microsoft Visual Studio Solution File, Format Version 12.00
# Visual Studio Version 16
VisualStudioVersion = 16.0.30804.86
MinimumVisualStudioVersion = 10.0.40219.1
Project("{FAE04EC0-301F-11D3-BF4B-00C04F79EFBC}") = "ContactManagementAPI", "ContactManagementAPI\ContactManagementAPI.csproj", "{DB93915A-FA95-45F4-897D-7958844B3666}"
EndProject
Global
	GlobalSection(SolutionConfigurationPlatforms) = preSolution
		Debug|Any CPU = Debug|Any CPU
		Release|Any CPU = Release|Any CPU
	EndGlobalSection
	GlobalSection(ProjectConfigurationPlatforms) = postSolution
		{DB93915A-FA95-45F4-897D-7958844B3666}.Debug|Any CPU.ActiveCfg = Debug|Any CPU
		{DB93915A-FA95-45F4-897D-7958844B3666}.Debug|Any CPU.Build.0 = Debug|Any CPU
		{DB93915A-FA95-45F4-897D-7958844B3666}.Release|Any CPU.ActiveCfg = Release|Any CPU
		{DB93915A-FA95-45F4-897D-7958844B3666}.Release|Any CPU.Build.0 = Release|Any CPU
	EndGlobalSection
	GlobalSection(SolutionProperties) = preSolution
		HideSolutionNode = FALSE
	EndGlobalSection
	GlobalSection(ExtensibilityGlobals) = postSolution
		SolutionGuid = {B70390C3-3E1D-4048-9B3A-87C7C3482298}
	EndGlobalSection
EndGlobal
